
Microsoft Visual Studio Solution File, Format Version 12.00
# Visual Studio Version 16
VisualStudioVersion = 16.0.29409.12
MinimumVisualStudioVersion = 10.0.40219.1
Project("{9A19103F-16F7-4668-BE54-9A1E7A4F7556}") = "WinPowerHelper.Wpf", "WinPowerHelper.Wpf\WinPowerHelper.Wpf.csproj", "{E241D7CB-09DD-4D89-9DA7-5E644DFCFAB4}"
EndProject
Project("{FAE04EC0-301F-11D3-BF4B-00C04F79EFBC}") = "WinPowerHelper.Core", "WinPowerHelper.Core\WinPowerHelper.Core.csproj", "{3C55C2EE-36F8-4741-A170-03AC2313578F}"
EndProject
Global
	GlobalSection(SolutionConfigurationPlatforms) = preSolution
		Debug|Any CPU = Debug|Any CPU
		Release|Any CPU = Release|Any CPU
	EndGlobalSection
	GlobalSection(ProjectConfigurationPlatforms) = postSolution
		{E241D7CB-09DD-4D89-9DA7-5E644DFCFAB4}.Debug|Any CPU.ActiveCfg = Debug|Any CPU
		{E241D7CB-09DD-4D89-9DA7-5E644DFCFAB4}.Debug|Any CPU.Build.0 = Debug|Any CPU
		{E241D7CB-09DD-4D89-9DA7-5E644DFCFAB4}.Release|Any CPU.ActiveCfg = Release|Any CPU
		{E241D7CB-09DD-4D89-9DA7-5E644DFCFAB4}.Release|Any CPU.Build.0 = Release|Any CPU
		{3C55C2EE-36F8-4741-A170-03AC2313578F}.Debug|Any CPU.ActiveCfg = Debug|Any CPU
		{3C55C2EE-36F8-4741-A170-03AC2313578F}.Debug|Any CPU.Build.0 = Debug|Any CPU
		{3C55C2EE-36F8-4741-A170-03AC2313578F}.Release|Any CPU.ActiveCfg = Release|Any CPU
		{3C55C2EE-36F8-4741-A170-03AC2313578F}.Release|Any CPU.Build.0 = Release|Any CPU
	EndGlobalSection
	GlobalSection(SolutionProperties) = preSolution
		HideSolutionNode = FALSE
	EndGlobalSection
	GlobalSection(ExtensibilityGlobals) = postSolution
		SolutionGuid = {F28FC189-66A2-4E39-ACE9-C3E61335A6AE}
	EndGlobalSection
EndGlobal
